{
  "requires": true,
  "lockfileVersion": 1,
  "dependencies": {
    "deepcopy": {
      "version": "1.0.0",
      "resolved": "http://registry.npm.taobao.org/deepcopy/download/deepcopy-1.0.0.tgz",
      "integrity": "sha1-zqDzRDs2F9JCHgZr43DMgSb4lZw=",
      "requires": {
        "type-detect": "^4.0.8"
      }
    },
    "dotenv": {
      "version": "6.1.0",
      "resolved": "http://registry.npm.taobao.org/dotenv/download/dotenv-6.1.0.tgz",
      "integrity": "sha1-mFO2ypgpKst97GepUBj6QLzP9Cw="
    },
    "node-cmd": {
      "version": "3.0.0",
      "resolved": "http://registry.npm.taobao.org/node-cmd/download/node-cmd-3.0.0.tgz",
      "integrity": "sha1-OP/3CkqqT2WdID61eGJzcBjiT28="
    },
    "node-deepcopy": {
      "version": "0.1.1",
      "resolved": "http://registry.npm.taobao.org/node-deepcopy/download/node-deepcopy-0.1.1.tgz",
      "integrity": "sha1-dJuW4he4D5x1o7Zlp8tiF0r3OAc="
    },
    "type-detect": {
      "version": "4.0.8",
      "resolved": "http://registry.npm.taobao.org/type-detect/download/type-detect-4.0.8.tgz",
      "integrity": "sha1-dkb7XxiHHPu3dJ5pvTmmOI63RQw="
    }
  }
}
