{
  "name": "jshint",
  "version": "1.0.0",
  "lockfileVersion": 1,
  "requires": true,
  "dependencies": {
    "node": {
      "version": "10.10.0",
      "resolved": "http://registry.npm.taobao.org/node/download/node-10.10.0.tgz",
      "integrity": "sha1-hJv4+RxjmwB5Z+hu5fuH1eaDilY=",
      "requires": {
        "node-bin-setup": "1.0.6"
      }
    },
    "node-bin-setup": {
      "version": "1.0.6",
      "resolved": "http://registry.npm.taobao.org/node-bin-setup/download/node-bin-setup-1.0.6.tgz",
      "integrity": "sha1-S1ybuTfs5wLXBps2ynivRoRndSg="
    },
    "node-cmd": {
      "version": "3.0.0",
      "resolved": "http://registry.npm.taobao.org/node-cmd/download/node-cmd-3.0.0.tgz",
      "integrity": "sha1-OP/3CkqqT2WdID61eGJzcBjiT28="
    }
  }
}
